
Microsoft Visual Studio Solution File, Format Version 12.00
# Visual Studio Version 17
VisualStudioVersion = 17.1.32421.90
MinimumVisualStudioVersion = 10.0.40219.1
Project("{8BC9CEB8-8B4A-11D0-8D11-00A0C91BC942}") = "os5_1", "os5_1.vcxproj", "{070B9864-E011-471A-A90C-2799ECF5F88F}"
EndProject
Project("{8BC9CEB8-8B4A-11D0-8D11-00A0C91BC942}") = "os5_2", "..\os5_2\os5_2.vcxproj", "{490E8073-3640-462A-B2CE-FAFFF7D0C6A7}"
EndProject
Project("{8BC9CEB8-8B4A-11D0-8D11-00A0C91BC942}") = "so5_2x", "..\so5_2x\so5_2x.vcxproj", "{45C55633-5B2A-4B75-B6FC-BE20B76E4563}"
EndProject
Project("{8BC9CEB8-8B4A-11D0-8D11-00A0C91BC942}") = "os5_3", "..\os5_3\os5_3.vcxproj", "{E16FC019-6D03-4311-90DD-E6AEDBB5497D}"
EndProject
Global
	GlobalSection(SolutionConfigurationPlatforms) = preSolution
		Debug|x64 = Debug|x64
		Debug|x86 = Debug|x86
		Release|x64 = Release|x64
		Release|x86 = Release|x86
	EndGlobalSection
	GlobalSection(ProjectConfigurationPlatforms) = postSolution
		{070B9864-E011-471A-A90C-2799ECF5F88F}.Debug|x64.ActiveCfg = Debug|x64
		{070B9864-E011-471A-A90C-2799ECF5F88F}.Debug|x64.Build.0 = Debug|x64
		{070B9864-E011-471A-A90C-2799ECF5F88F}.Debug|x86.ActiveCfg = Debug|Win32
		{070B9864-E011-471A-A90C-2799ECF5F88F}.Debug|x86.Build.0 = Debug|Win32
		{070B9864-E011-471A-A90C-2799ECF5F88F}.Release|x64.ActiveCfg = Release|x64
		{070B9864-E011-471A-A90C-2799ECF5F88F}.Release|x64.Build.0 = Release|x64
		{070B9864-E011-471A-A90C-2799ECF5F88F}.Release|x86.ActiveCfg = Release|Win32
		{070B9864-E011-471A-A90C-2799ECF5F88F}.Release|x86.Build.0 = Release|Win32
		{490E8073-3640-462A-B2CE-FAFFF7D0C6A7}.Debug|x64.ActiveCfg = Debug|x64
		{490E8073-3640-462A-B2CE-FAFFF7D0C6A7}.Debug|x64.Build.0 = Debug|x64
		{490E8073-3640-462A-B2CE-FAFFF7D0C6A7}.Debug|x86.ActiveCfg = Debug|Win32
		{490E8073-3640-462A-B2CE-FAFFF7D0C6A7}.Debug|x86.Build.0 = Debug|Win32
		{490E8073-3640-462A-B2CE-FAFFF7D0C6A7}.Release|x64.ActiveCfg = Release|x64
		{490E8073-3640-462A-B2CE-FAFFF7D0C6A7}.Release|x64.Build.0 = Release|x64
		{490E8073-3640-462A-B2CE-FAFFF7D0C6A7}.Release|x86.ActiveCfg = Release|Win32
		{490E8073-3640-462A-B2CE-FAFFF7D0C6A7}.Release|x86.Build.0 = Release|Win32
		{45C55633-5B2A-4B75-B6FC-BE20B76E4563}.Debug|x64.ActiveCfg = Debug|x64
		{45C55633-5B2A-4B75-B6FC-BE20B76E4563}.Debug|x64.Build.0 = Debug|x64
		{45C55633-5B2A-4B75-B6FC-BE20B76E4563}.Debug|x86.ActiveCfg = Debug|Win32
		{45C55633-5B2A-4B75-B6FC-BE20B76E4563}.Debug|x86.Build.0 = Debug|Win32
		{45C55633-5B2A-4B75-B6FC-BE20B76E4563}.Release|x64.ActiveCfg = Release|x64
		{45C55633-5B2A-4B75-B6FC-BE20B76E4563}.Release|x64.Build.0 = Release|x64
		{45C55633-5B2A-4B75-B6FC-BE20B76E4563}.Release|x86.ActiveCfg = Release|Win32
		{45C55633-5B2A-4B75-B6FC-BE20B76E4563}.Release|x86.Build.0 = Release|Win32
		{E16FC019-6D03-4311-90DD-E6AEDBB5497D}.Debug|x64.ActiveCfg = Debug|x64
		{E16FC019-6D03-4311-90DD-E6AEDBB5497D}.Debug|x64.Build.0 = Debug|x64
		{E16FC019-6D03-4311-90DD-E6AEDBB5497D}.Debug|x86.ActiveCfg = Debug|Win32
		{E16FC019-6D03-4311-90DD-E6AEDBB5497D}.Debug|x86.Build.0 = Debug|Win32
		{E16FC019-6D03-4311-90DD-E6AEDBB5497D}.Release|x64.ActiveCfg = Release|x64
		{E16FC019-6D03-4311-90DD-E6AEDBB5497D}.Release|x64.Build.0 = Release|x64
		{E16FC019-6D03-4311-90DD-E6AEDBB5497D}.Release|x86.ActiveCfg = Release|Win32
		{E16FC019-6D03-4311-90DD-E6AEDBB5497D}.Release|x86.Build.0 = Release|Win32
	EndGlobalSection
	GlobalSection(SolutionProperties) = preSolution
		HideSolutionNode = FALSE
	EndGlobalSection
	GlobalSection(ExtensibilityGlobals) = postSolution
		SolutionGuid = {7867FE2A-69D6-457B-8157-E5C2D412F6C6}
	EndGlobalSection
EndGlobal
